
Microsoft Visual Studio Solution File, Format Version 12.00
# Visual Studio Version 16
VisualStudioVersion = 16.0.29728.190
MinimumVisualStudioVersion = 10.0.40219.1
Project("{FAE04EC0-301F-11D3-BF4B-00C04F79EFBC}") = "GenericApparelProcess", "GenericApparelProcess\GenericApparelProcess.csproj", "{C28BE863-228F-40E4-B217-96F4BECBCAE0}"
EndProject
Global
	GlobalSection(SolutionConfigurationPlatforms) = preSolution
		Debug|Any CPU = Debug|Any CPU
		Release|Any CPU = Release|Any CPU
	EndGlobalSection
	GlobalSection(ProjectConfigurationPlatforms) = postSolution
		{C28BE863-228F-40E4-B217-96F4BECBCAE0}.Debug|Any CPU.ActiveCfg = Debug|Any CPU
		{C28BE863-228F-40E4-B217-96F4BECBCAE0}.Debug|Any CPU.Build.0 = Debug|Any CPU
		{C28BE863-228F-40E4-B217-96F4BECBCAE0}.Release|Any CPU.ActiveCfg = Release|Any CPU
		{C28BE863-228F-40E4-B217-96F4BECBCAE0}.Release|Any CPU.Build.0 = Release|Any CPU
	EndGlobalSection
	GlobalSection(SolutionProperties) = preSolution
		HideSolutionNode = FALSE
	EndGlobalSection
	GlobalSection(ExtensibilityGlobals) = postSolution
		SolutionGuid = {963B0292-265E-40B6-8B84-9F77B7907D67}
	EndGlobalSection
EndGlobal
